// !$*UTF8*$!
{
	archiveVersion = 1;
	classes = {
	};
	objectVersion = 77;
	objects = {

/* Begin PBXBuildFile section */
		703B93422DF2086E00EC7BE0 /* AppDelegate.swift in Sources */ = {isa = PBXBuildFile; fileRef = 703B93382DF2086E00EC7BE0 /* AppDelegate.swift */; };
		703B93432DF2086E00EC7BE0 /* SceneDelegate.swift in Sources */ = {isa = PBXBuildFile; fileRef = 703B93392DF2086E00EC7BE0 /* SceneDelegate.swift */; };
		703B93452DF2086E00EC7BE0 /* Assets.xcassets in Resources */ = {isa = PBXBuildFile; fileRef = 703B933B2DF2086E00EC7BE0 /* Assets.xcassets */; };
		703B93472DF2086E00EC7BE0 /* LaunchScreen.storyboard in Resources */ = {isa = PBXBuildFile; fileRef = 703B933E2DF2086E00EC7BE0 /* LaunchScreen.storyboard */; };
		703B935C2DF20B1700EC7BE0 /* MovieDetailDTO.swift in Sources */ = {isa = PBXBuildFile; fileRef = 703B93562DF20B1700EC7BE0 /* MovieDetailDTO.swift */; };
		703B935F2DF20B4C00EC7BE0 /* SearchResponseDTO.swift in Sources */ = {isa = PBXBuildFile; fileRef = 703B935E2DF20B4C00EC7BE0 /* SearchResponseDTO.swift */; };
		703B93612DF20B6000EC7BE0 /* MovieDTO.swift in Sources */ = {isa = PBXBuildFile; fileRef = 703B93602DF20B6000EC7BE0 /* MovieDTO.swift */; };
		703B93632DF20B8400EC7BE0 /* MovieDTO+Mapper.swift in Sources */ = {isa = PBXBuildFile; fileRef = 703B93622DF20B8400EC7BE0 /* MovieDTO+Mapper.swift */; };
		703B93652DF20BA200EC7BE0 /* Movie.swift in Sources */ = {isa = PBXBuildFile; fileRef = 703B93642DF20BA200EC7BE0 /* Movie.swift */; };
		703B936B2DF20BCC00EC7BE0 /* MovieDetail.swift in Sources */ = {isa = PBXBuildFile; fileRef = 703B936A2DF20BCC00EC7BE0 /* MovieDetail.swift */; };
		703B936D2DF20BDC00EC7BE0 /* MovieDetailDTO+Mapper.swift in Sources */ = {isa = PBXBuildFile; fileRef = 703B936C2DF20BDC00EC7BE0 /* MovieDetailDTO+Mapper.swift */; };
		703B93732DF20C1A00EC7BE0 /* MovieRepository.swift in Sources */ = {isa = PBXBuildFile; fileRef = 703B93712DF20C1A00EC7BE0 /* MovieRepository.swift */; };
		703B93752DF20C2200EC7BE0 /* MovieRepositoryImpl.swift in Sources */ = {isa = PBXBuildFile; fileRef = 703B93742DF20C2200EC7BE0 /* MovieRepositoryImpl.swift */; };
		703B937B2DF20C7200EC7BE0 /* ViewController.swift in Sources */ = {isa = PBXBuildFile; fileRef = 703B93792DF20C7200EC7BE0 /* ViewController.swift */; };
		703B93882DF20CBF00EC7BE0 /* DefaultNetworkService.swift in Sources */ = {isa = PBXBuildFile; fileRef = 703B93842DF20CBF00EC7BE0 /* DefaultNetworkService.swift */; };
		703B93892DF20CBF00EC7BE0 /* NetworkService.swift in Sources */ = {isa = PBXBuildFile; fileRef = 703B93852DF20CBF00EC7BE0 /* NetworkService.swift */; };
/* End PBXBuildFile section */

/* Begin PBXFileReference section */
		703B931E2DF207FC00EC7BE0 /* OMDbCaseProject.app */ = {isa = PBXFileReference; explicitFileType = wrapper.application; includeInIndex = 0; path = OMDbCaseProject.app; sourceTree = BUILT_PRODUCTS_DIR; };
		703B93382DF2086E00EC7BE0 /* AppDelegate.swift */ = {isa = PBXFileReference; lastKnownFileType = sourcecode.swift; path = AppDelegate.swift; sourceTree = "<group>"; };
		703B93392DF2086E00EC7BE0 /* SceneDelegate.swift */ = {isa = PBXFileReference; lastKnownFileType = sourcecode.swift; path = SceneDelegate.swift; sourceTree = "<group>"; };
		703B933B2DF2086E00EC7BE0 /* Assets.xcassets */ = {isa = PBXFileReference; lastKnownFileType = folder.assetcatalog; path = Assets.xcassets; sourceTree = "<group>"; };
		703B933C2DF2086E00EC7BE0 /* Info.plist */ = {isa = PBXFileReference; lastKnownFileType = text.plist.xml; path = Info.plist; sourceTree = "<group>"; };
		703B933D2DF2086E00EC7BE0 /* Base */ = {isa = PBXFileReference; lastKnownFileType = file.storyboard; name = Base; path = Base.lproj/LaunchScreen.storyboard; sourceTree = "<group>"; };
		703B93562DF20B1700EC7BE0 /* MovieDetailDTO.swift */ = {isa = PBXFileReference; lastKnownFileType = sourcecode.swift; path = MovieDetailDTO.swift; sourceTree = "<group>"; };
		703B935E2DF20B4C00EC7BE0 /* SearchResponseDTO.swift */ = {isa = PBXFileReference; lastKnownFileType = sourcecode.swift; path = SearchResponseDTO.swift; sourceTree = "<group>"; };
		703B93602DF20B6000EC7BE0 /* MovieDTO.swift */ = {isa = PBXFileReference; lastKnownFileType = sourcecode.swift; path = MovieDTO.swift; sourceTree = "<group>"; };
		703B93622DF20B8400EC7BE0 /* MovieDTO+Mapper.swift */ = {isa = PBXFileReference; lastKnownFileType = sourcecode.swift; path = "MovieDTO+Mapper.swift"; sourceTree = "<group>"; };
		703B93642DF20BA200EC7BE0 /* Movie.swift */ = {isa = PBXFileReference; lastKnownFileType = sourcecode.swift; path = Movie.swift; sourceTree = "<group>"; };
		703B936A2DF20BCC00EC7BE0 /* MovieDetail.swift */ = {isa = PBXFileReference; lastKnownFileType = sourcecode.swift; path = MovieDetail.swift; sourceTree = "<group>"; };
		703B936C2DF20BDC00EC7BE0 /* MovieDetailDTO+Mapper.swift */ = {isa = PBXFileReference; lastKnownFileType = sourcecode.swift; path = "MovieDetailDTO+Mapper.swift"; sourceTree = "<group>"; };
		703B93712DF20C1A00EC7BE0 /* MovieRepository.swift */ = {isa = PBXFileReference; lastKnownFileType = sourcecode.swift; path = MovieRepository.swift; sourceTree = "<group>"; };
		703B93742DF20C2200EC7BE0 /* MovieRepositoryImpl.swift */ = {isa = PBXFileReference; lastKnownFileType = sourcecode.swift; path = MovieRepositoryImpl.swift; sourceTree = "<group>"; };
		703B93792DF20C7200EC7BE0 /* ViewController.swift */ = {isa = PBXFileReference; lastKnownFileType = sourcecode.swift; path = ViewController.swift; sourceTree = "<group>"; };
		703B93842DF20CBF00EC7BE0 /* DefaultNetworkService.swift */ = {isa = PBXFileReference; lastKnownFileType = sourcecode.swift; path = DefaultNetworkService.swift; sourceTree = "<group>"; };
		703B93852DF20CBF00EC7BE0 /* NetworkService.swift */ = {isa = PBXFileReference; lastKnownFileType = sourcecode.swift; path = NetworkService.swift; sourceTree = "<group>"; };
/* End PBXFileReference section */

/* Begin PBXFrameworksBuildPhase section */
		703B931B2DF207FC00EC7BE0 /* Frameworks */ = {
			isa = PBXFrameworksBuildPhase;
			buildActionMask = 2147483647;
			files = (
			);
			runOnlyForDeploymentPostprocessing = 0;
		};
/* End PBXFrameworksBuildPhase section */

/* Begin PBXGroup section */
		703B93152DF207FC00EC7BE0 = {
			isa = PBXGroup;
			children = (
				703B93412DF2086E00EC7BE0 /* OMDbCaseProject */,
				703B931F2DF207FC00EC7BE0 /* Products */,
			);
			sourceTree = "<group>";
		};
		703B931F2DF207FC00EC7BE0 /* Products */ = {
			isa = PBXGroup;
			children = (
				703B931E2DF207FC00EC7BE0 /* OMDbCaseProject.app */,
			);
			name = Products;
			sourceTree = "<group>";
		};
		703B933A2DF2086E00EC7BE0 /* App */ = {
			isa = PBXGroup;
			children = (
				703B93382DF2086E00EC7BE0 /* AppDelegate.swift */,
				703B93392DF2086E00EC7BE0 /* SceneDelegate.swift */,
			);
			path = App;
			sourceTree = "<group>";
		};
		703B933F2DF2086E00EC7BE0 /* Supporting */ = {
			isa = PBXGroup;
			children = (
				703B933B2DF2086E00EC7BE0 /* Assets.xcassets */,
				703B933C2DF2086E00EC7BE0 /* Info.plist */,
				703B933E2DF2086E00EC7BE0 /* LaunchScreen.storyboard */,
			);
			path = Supporting;
			sourceTree = "<group>";
		};
		703B93412DF2086E00EC7BE0 /* OMDbCaseProject */ = {
			isa = PBXGroup;
			children = (
				703B933A2DF2086E00EC7BE0 /* App */,
				703B93872DF20CBF00EC7BE0 /* Core */,
				703B935B2DF20B1700EC7BE0 /* Data */,
				703B93672DF20BB100EC7BE0 /* Domain */,
				703B937A2DF20C7200EC7BE0 /* Presentation */,
				703B937D2DF20C8500EC7BE0 /* Utils */,
				703B933F2DF2086E00EC7BE0 /* Supporting */,
			);
			path = OMDbCaseProject;
			sourceTree = "<group>";
		};
		703B93582DF20B1700EC7BE0 /* DTOs */ = {
			isa = PBXGroup;
			children = (
				703B93602DF20B6000EC7BE0 /* MovieDTO.swift */,
				703B93562DF20B1700EC7BE0 /* MovieDetailDTO.swift */,
				703B935E2DF20B4C00EC7BE0 /* SearchResponseDTO.swift */,
			);
			path = DTOs;
			sourceTree = "<group>";
		};
		703B93592DF20B1700EC7BE0 /* Mappers */ = {
			isa = PBXGroup;
			children = (
				703B93622DF20B8400EC7BE0 /* MovieDTO+Mapper.swift */,
				703B936C2DF20BDC00EC7BE0 /* MovieDetailDTO+Mapper.swift */,
			);
			path = Mappers;
			sourceTree = "<group>";
		};
		703B935A2DF20B1700EC7BE0 /* RepositoryImpl */ = {
			isa = PBXGroup;
			children = (
				703B93742DF20C2200EC7BE0 /* MovieRepositoryImpl.swift */,
			);
			path = RepositoryImpl;
			sourceTree = "<group>";
		};
		703B935B2DF20B1700EC7BE0 /* Data */ = {
			isa = PBXGroup;
			children = (
				703B93582DF20B1700EC7BE0 /* DTOs */,
				703B93592DF20B1700EC7BE0 /* Mappers */,
				703B935A2DF20B1700EC7BE0 /* RepositoryImpl */,
			);
			path = Data;
			sourceTree = "<group>";
		};
		703B93672DF20BB100EC7BE0 /* Domain */ = {
			isa = PBXGroup;
			children = (
				703B93692DF20BB800EC7BE0 /* Models */,
				703B93722DF20C1A00EC7BE0 /* Repositories */,
				703B93772DF20C5F00EC7BE0 /* UseCases */,
			);
			path = Domain;
			sourceTree = "<group>";
		};
		703B93692DF20BB800EC7BE0 /* Models */ = {
			isa = PBXGroup;
			children = (
				703B93642DF20BA200EC7BE0 /* Movie.swift */,
				703B936A2DF20BCC00EC7BE0 /* MovieDetail.swift */,
			);
			path = Models;
			sourceTree = "<group>";
		};
		703B93722DF20C1A00EC7BE0 /* Repositories */ = {
			isa = PBXGroup;
			children = (
				703B93712DF20C1A00EC7BE0 /* MovieRepository.swift */,
			);
			path = Repositories;
			sourceTree = "<group>";
		};
		703B93772DF20C5F00EC7BE0 /* UseCases */ = {
			isa = PBXGroup;
			children = (
			);
			path = UseCases;
			sourceTree = "<group>";
		};
		703B937A2DF20C7200EC7BE0 /* Presentation */ = {
			isa = PBXGroup;
			children = (
				703B93792DF20C7200EC7BE0 /* ViewController.swift */,
			);
			path = Presentation;
			sourceTree = "<group>";
		};
		703B937D2DF20C8500EC7BE0 /* Utils */ = {
			isa = PBXGroup;
			children = (
			);
			path = Utils;
			sourceTree = "<group>";
		};
		703B93862DF20CBF00EC7BE0 /* Network */ = {
			isa = PBXGroup;
			children = (
				703B93852DF20CBF00EC7BE0 /* NetworkService.swift */,
				703B93842DF20CBF00EC7BE0 /* DefaultNetworkService.swift */,
			);
			path = Network;
			sourceTree = "<group>";
		};
		703B93872DF20CBF00EC7BE0 /* Core */ = {
			isa = PBXGroup;
			children = (
				703B93862DF20CBF00EC7BE0 /* Network */,
			);
			path = Core;
			sourceTree = "<group>";
		};
/* End PBXGroup section */

/* Begin PBXNativeTarget section */
		703B931D2DF207FC00EC7BE0 /* OMDbCaseProject */ = {
			isa = PBXNativeTarget;
			buildConfigurationList = 703B93312DF207FD00EC7BE0 /* Build configuration list for PBXNativeTarget "OMDbCaseProject" */;
			buildPhases = (
				703B931A2DF207FC00EC7BE0 /* Sources */,
				703B931B2DF207FC00EC7BE0 /* Frameworks */,
				703B931C2DF207FC00EC7BE0 /* Resources */,
			);
			buildRules = (
			);
			dependencies = (
			);
			name = OMDbCaseProject;
			packageProductDependencies = (
			);
			productName = OMDbCaseProject;
			productReference = 703B931E2DF207FC00EC7BE0 /* OMDbCaseProject.app */;
			productType = "com.apple.product-type.application";
		};
/* End PBXNativeTarget section */

/* Begin PBXProject section */
		703B93162DF207FC00EC7BE0 /* Project object */ = {
			isa = PBXProject;
			attributes = {
				BuildIndependentTargetsInParallel = 1;
				LastSwiftUpdateCheck = 1620;
				LastUpgradeCheck = 1620;
				TargetAttributes = {
					703B931D2DF207FC00EC7BE0 = {
						CreatedOnToolsVersion = 16.2;
					};
				};
			};
			buildConfigurationList = 703B93192DF207FC00EC7BE0 /* Build configuration list for PBXProject "OMDbCaseProject" */;
			developmentRegion = en;
			hasScannedForEncodings = 0;
			knownRegions = (
				en,
				Base,
			);
			mainGroup = 703B93152DF207FC00EC7BE0;
			minimizedProjectReferenceProxies = 1;
			preferredProjectObjectVersion = 77;
			productRefGroup = 703B931F2DF207FC00EC7BE0 /* Products */;
			projectDirPath = "";
			projectRoot = "";
			targets = (
				703B931D2DF207FC00EC7BE0 /* OMDbCaseProject */,
			);
		};
/* End PBXProject section */

/* Begin PBXResourcesBuildPhase section */
		703B931C2DF207FC00EC7BE0 /* Resources */ = {
			isa = PBXResourcesBuildPhase;
			buildActionMask = 2147483647;
			files = (
				703B93452DF2086E00EC7BE0 /* Assets.xcassets in Resources */,
				703B93472DF2086E00EC7BE0 /* LaunchScreen.storyboard in Resources */,
			);
			runOnlyForDeploymentPostprocessing = 0;
		};
/* End PBXResourcesBuildPhase section */

/* Begin PBXSourcesBuildPhase section */
		703B931A2DF207FC00EC7BE0 /* Sources */ = {
			isa = PBXSourcesBuildPhase;
			buildActionMask = 2147483647;
			files = (
				703B93422DF2086E00EC7BE0 /* AppDelegate.swift in Sources */,
				703B935C2DF20B1700EC7BE0 /* MovieDetailDTO.swift in Sources */,
				703B93432DF2086E00EC7BE0 /* SceneDelegate.swift in Sources */,
				703B93732DF20C1A00EC7BE0 /* MovieRepository.swift in Sources */,
				703B936B2DF20BCC00EC7BE0 /* MovieDetail.swift in Sources */,
				703B935F2DF20B4C00EC7BE0 /* SearchResponseDTO.swift in Sources */,
				703B93882DF20CBF00EC7BE0 /* DefaultNetworkService.swift in Sources */,
				703B93892DF20CBF00EC7BE0 /* NetworkService.swift in Sources */,
				703B937B2DF20C7200EC7BE0 /* ViewController.swift in Sources */,
				703B936D2DF20BDC00EC7BE0 /* MovieDetailDTO+Mapper.swift in Sources */,
				703B93612DF20B6000EC7BE0 /* MovieDTO.swift in Sources */,
				703B93652DF20BA200EC7BE0 /* Movie.swift in Sources */,
				703B93752DF20C2200EC7BE0 /* MovieRepositoryImpl.swift in Sources */,
				703B93632DF20B8400EC7BE0 /* MovieDTO+Mapper.swift in Sources */,
			);
			runOnlyForDeploymentPostprocessing = 0;
		};
/* End PBXSourcesBuildPhase section */

/* Begin PBXVariantGroup section */
		703B933E2DF2086E00EC7BE0 /* LaunchScreen.storyboard */ = {
			isa = PBXVariantGroup;
			children = (
				703B933D2DF2086E00EC7BE0 /* Base */,
			);
			name = LaunchScreen.storyboard;
			sourceTree = "<group>";
		};
/* End PBXVariantGroup section */

/* Begin XCBuildConfiguration section */
		703B93322DF207FD00EC7BE0 /* Debug */ = {
			isa = XCBuildConfiguration;
			buildSettings = {
				ASSETCATALOG_COMPILER_APPICON_NAME = AppIcon;
				ASSETCATALOG_COMPILER_GLOBAL_ACCENT_COLOR_NAME = AccentColor;
				CODE_SIGN_STYLE = Automatic;
				CURRENT_PROJECT_VERSION = 1;
				DEVELOPMENT_TEAM = ZF77D3H4CR;
				GENERATE_INFOPLIST_FILE = YES;
				INFOPLIST_FILE = OMDbCaseProject/Supporting/Info.plist;
				INFOPLIST_KEY_UIApplicationSupportsIndirectInputEvents = YES;
				INFOPLIST_KEY_UILaunchStoryboardName = LaunchScreen;
				INFOPLIST_KEY_UIMainStoryboardFile = "";
				INFOPLIST_KEY_UISupportedInterfaceOrientations = UIInterfaceOrientationPortrait;
				INFOPLIST_KEY_UISupportedInterfaceOrientations_iPad = "UIInterfaceOrientationLandscapeLeft UIInterfaceOrientationLandscapeRight UIInterfaceOrientationPortrait UIInterfaceOrientationPortraitUpsideDown";
				IPHONEOS_DEPLOYMENT_TARGET = 15.6;
				LD_RUNPATH_SEARCH_PATHS = (
					"$(inherited)",
					"@executable_path/Frameworks",
				);
				MARKETING_VERSION = 1.0;
				PRODUCT_BUNDLE_IDENTIFIER = com.ertan.OMDbCaseProject;
				PRODUCT_NAME = "$(TARGET_NAME)";
				SUPPORTED_PLATFORMS = "iphoneos iphonesimulator";
				SUPPORTS_MACCATALYST = NO;
				SUPPORTS_MAC_DESIGNED_FOR_IPHONE_IPAD = NO;
				SUPPORTS_XR_DESIGNED_FOR_IPHONE_IPAD = NO;
				SWIFT_EMIT_LOC_STRINGS = YES;
				SWIFT_VERSION = 5.0;
				TARGETED_DEVICE_FAMILY = 1;
			};
			name = Debug;
		};
		703B93332DF207FD00EC7BE0 /* Release */ = {
			isa = XCBuildConfiguration;
			buildSettings = {
				ASSETCATALOG_COMPILER_APPICON_NAME = AppIcon;
				ASSETCATALOG_COMPILER_GLOBAL_ACCENT_COLOR_NAME = AccentColor;
				CODE_SIGN_STYLE = Automatic;
				CURRENT_PROJECT_VERSION = 1;
				DEVELOPMENT_TEAM = ZF77D3H4CR;
				GENERATE_INFOPLIST_FILE = YES;
				INFOPLIST_FILE = OMDbCaseProject/Supporting/Info.plist;
				INFOPLIST_KEY_UIApplicationSupportsIndirectInputEvents = YES;
				INFOPLIST_KEY_UILaunchStoryboardName = LaunchScreen;
				INFOPLIST_KEY_UIMainStoryboardFile = "";
				INFOPLIST_KEY_UISupportedInterfaceOrientations = UIInterfaceOrientationPortrait;
				INFOPLIST_KEY_UISupportedInterfaceOrientations_iPad = "UIInterfaceOrientationLandscapeLeft UIInterfaceOrientationLandscapeRight UIInterfaceOrientationPortrait UIInterfaceOrientationPortraitUpsideDown";
				IPHONEOS_DEPLOYMENT_TARGET = 15.6;
				LD_RUNPATH_SEARCH_PATHS = (
					"$(inherited)",
					"@executable_path/Frameworks",
				);
				MARKETING_VERSION = 1.0;
				PRODUCT_BUNDLE_IDENTIFIER = com.ertan.OMDbCaseProject;
				PRODUCT_NAME = "$(TARGET_NAME)";
				SUPPORTED_PLATFORMS = "iphoneos iphonesimulator";
				SUPPORTS_MACCATALYST = NO;
				SUPPORTS_MAC_DESIGNED_FOR_IPHONE_IPAD = NO;
				SUPPORTS_XR_DESIGNED_FOR_IPHONE_IPAD = NO;
				SWIFT_EMIT_LOC_STRINGS = YES;
				SWIFT_VERSION = 5.0;
				TARGETED_DEVICE_FAMILY = 1;
			};
			name = Release;
		};
		703B93342DF207FD00EC7BE0 /* Debug */ = {
			isa = XCBuildConfiguration;
			buildSettings = {
				ALWAYS_SEARCH_USER_PATHS = NO;
				ASSETCATALOG_COMPILER_GENERATE_SWIFT_ASSET_SYMBOL_EXTENSIONS = YES;
				CLANG_ANALYZER_NONNULL = YES;
				CLANG_ANALYZER_NUMBER_OBJECT_CONVERSION = YES_AGGRESSIVE;
				CLANG_CXX_LANGUAGE_STANDARD = "gnu++20";
				CLANG_ENABLE_MODULES = YES;
				CLANG_ENABLE_OBJC_ARC = YES;
				CLANG_ENABLE_OBJC_WEAK = YES;
				CLANG_WARN_BLOCK_CAPTURE_AUTORELEASING = YES;
				CLANG_WARN_BOOL_CONVERSION = YES;
				CLANG_WARN_COMMA = YES;
				CLANG_WARN_CONSTANT_CONVERSION = YES;
				CLANG_WARN_DEPRECATED_OBJC_IMPLEMENTATIONS = YES;
				CLANG_WARN_DIRECT_OBJC_ISA_USAGE = YES_ERROR;
				CLANG_WARN_DOCUMENTATION_COMMENTS = YES;
				CLANG_WARN_EMPTY_BODY = YES;
				CLANG_WARN_ENUM_CONVERSION = YES;
				CLANG_WARN_INFINITE_RECURSION = YES;
				CLANG_WARN_INT_CONVERSION = YES;
				CLANG_WARN_NON_LITERAL_NULL_CONVERSION = YES;
				CLANG_WARN_OBJC_IMPLICIT_RETAIN_SELF = YES;
				CLANG_WARN_OBJC_LITERAL_CONVERSION = YES;
				CLANG_WARN_OBJC_ROOT_CLASS = YES_ERROR;
				CLANG_WARN_QUOTED_INCLUDE_IN_FRAMEWORK_HEADER = YES;
				CLANG_WARN_RANGE_LOOP_ANALYSIS = YES;
				CLANG_WARN_STRICT_PROTOTYPES = YES;
				CLANG_WARN_SUSPICIOUS_MOVE = YES;
				CLANG_WARN_UNGUARDED_AVAILABILITY = YES_AGGRESSIVE;
				CLANG_WARN_UNREACHABLE_CODE = YES;
				CLANG_WARN__DUPLICATE_METHOD_MATCH = YES;
				COPY_PHASE_STRIP = NO;
				DEBUG_INFORMATION_FORMAT = dwarf;
				ENABLE_STRICT_OBJC_MSGSEND = YES;
				ENABLE_TESTABILITY = YES;
				ENABLE_USER_SCRIPT_SANDBOXING = YES;
				GCC_C_LANGUAGE_STANDARD = gnu17;
				GCC_DYNAMIC_NO_PIC = NO;
				GCC_NO_COMMON_BLOCKS = YES;
				GCC_OPTIMIZATION_LEVEL = 0;
				GCC_PREPROCESSOR_DEFINITIONS = (
					"DEBUG=1",
					"$(inherited)",
				);
				GCC_WARN_64_TO_32_BIT_CONVERSION = YES;
				GCC_WARN_ABOUT_RETURN_TYPE = YES_ERROR;
				GCC_WARN_UNDECLARED_SELECTOR = YES;
				GCC_WARN_UNINITIALIZED_AUTOS = YES_AGGRESSIVE;
				GCC_WARN_UNUSED_FUNCTION = YES;
				GCC_WARN_UNUSED_VARIABLE = YES;
				IPHONEOS_DEPLOYMENT_TARGET = 15.6;
				LOCALIZATION_PREFERS_STRING_CATALOGS = YES;
				MTL_ENABLE_DEBUG_INFO = INCLUDE_SOURCE;
				MTL_FAST_MATH = YES;
				ONLY_ACTIVE_ARCH = YES;
				SDKROOT = iphoneos;
				SWIFT_ACTIVE_COMPILATION_CONDITIONS = "DEBUG $(inherited)";
				SWIFT_OPTIMIZATION_LEVEL = "-Onone";
			};
			name = Debug;
		};
		703B93352DF207FD00EC7BE0 /* Release */ = {
			isa = XCBuildConfiguration;
			buildSettings = {
				ALWAYS_SEARCH_USER_PATHS = NO;
				ASSETCATALOG_COMPILER_GENERATE_SWIFT_ASSET_SYMBOL_EXTENSIONS = YES;
				CLANG_ANALYZER_NONNULL = YES;
				CLANG_ANALYZER_NUMBER_OBJECT_CONVERSION = YES_AGGRESSIVE;
				CLANG_CXX_LANGUAGE_STANDARD = "gnu++20";
				CLANG_ENABLE_MODULES = YES;
				CLANG_ENABLE_OBJC_ARC = YES;
				CLANG_ENABLE_OBJC_WEAK = YES;
				CLANG_WARN_BLOCK_CAPTURE_AUTORELEASING = YES;
				CLANG_WARN_BOOL_CONVERSION = YES;
				CLANG_WARN_COMMA = YES;
				CLANG_WARN_CONSTANT_CONVERSION = YES;
				CLANG_WARN_DEPRECATED_OBJC_IMPLEMENTATIONS = YES;
				CLANG_WARN_DIRECT_OBJC_ISA_USAGE = YES_ERROR;
				CLANG_WARN_DOCUMENTATION_COMMENTS = YES;
				CLANG_WARN_EMPTY_BODY = YES;
				CLANG_WARN_ENUM_CONVERSION = YES;
				CLANG_WARN_INFINITE_RECURSION = YES;
				CLANG_WARN_INT_CONVERSION = YES;
				CLANG_WARN_NON_LITERAL_NULL_CONVERSION = YES;
				CLANG_WARN_OBJC_IMPLICIT_RETAIN_SELF = YES;
				CLANG_WARN_OBJC_LITERAL_CONVERSION = YES;
				CLANG_WARN_OBJC_ROOT_CLASS = YES_ERROR;
				CLANG_WARN_QUOTED_INCLUDE_IN_FRAMEWORK_HEADER = YES;
				CLANG_WARN_RANGE_LOOP_ANALYSIS = YES;
				CLANG_WARN_STRICT_PROTOTYPES = YES;
				CLANG_WARN_SUSPICIOUS_MOVE = YES;
				CLANG_WARN_UNGUARDED_AVAILABILITY = YES_AGGRESSIVE;
				CLANG_WARN_UNREACHABLE_CODE = YES;
				CLANG_WARN__DUPLICATE_METHOD_MATCH = YES;
				COPY_PHASE_STRIP = NO;
				DEBUG_INFORMATION_FORMAT = "dwarf-with-dsym";
				ENABLE_NS_ASSERTIONS = NO;
				ENABLE_STRICT_OBJC_MSGSEND = YES;
				ENABLE_USER_SCRIPT_SANDBOXING = YES;
				GCC_C_LANGUAGE_STANDARD = gnu17;
				GCC_NO_COMMON_BLOCKS = YES;
				GCC_WARN_64_TO_32_BIT_CONVERSION = YES;
				GCC_WARN_ABOUT_RETURN_TYPE = YES_ERROR;
				GCC_WARN_UNDECLARED_SELECTOR = YES;
				GCC_WARN_UNINITIALIZED_AUTOS = YES_AGGRESSIVE;
				GCC_WARN_UNUSED_FUNCTION = YES;
				GCC_WARN_UNUSED_VARIABLE = YES;
				IPHONEOS_DEPLOYMENT_TARGET = 15.6;
				LOCALIZATION_PREFERS_STRING_CATALOGS = YES;
				MTL_ENABLE_DEBUG_INFO = NO;
				MTL_FAST_MATH = YES;
				SDKROOT = iphoneos;
				SWIFT_COMPILATION_MODE = wholemodule;
				VALIDATE_PRODUCT = YES;
			};
			name = Release;
		};
/* End XCBuildConfiguration section */

/* Begin XCConfigurationList section */
		703B93192DF207FC00EC7BE0 /* Build configuration list for PBXProject "OMDbCaseProject" */ = {
			isa = XCConfigurationList;
			buildConfigurations = (
				703B93342DF207FD00EC7BE0 /* Debug */,
				703B93352DF207FD00EC7BE0 /* Release */,
			);
			defaultConfigurationIsVisible = 0;
			defaultConfigurationName = Release;
		};
		703B93312DF207FD00EC7BE0 /* Build configuration list for PBXNativeTarget "OMDbCaseProject" */ = {
			isa = XCConfigurationList;
			buildConfigurations = (
				703B93322DF207FD00EC7BE0 /* Debug */,
				703B93332DF207FD00EC7BE0 /* Release */,
			);
			defaultConfigurationIsVisible = 0;
			defaultConfigurationName = Release;
		};
/* End XCConfigurationList section */
	};
	rootObject = 703B93162DF207FC00EC7BE0 /* Project object */;
}
